
Microsoft Visual Studio Solution File, Format Version 12.00
# Visual Studio Version 16
VisualStudioVersion = 16.0.29709.97
MinimumVisualStudioVersion = 10.0.40219.1
Project("{FAE04EC0-301F-11D3-BF4B-00C04F79EFBC}") = "CalculatingAverages", "CalculatingAverages\CalculatingAverages.csproj", "{4852120E-2FD6-4E0E-A4C4-7807211A0F95}"
EndProject
Global
	GlobalSection(SolutionConfigurationPlatforms) = preSolution
		Debug|Any CPU = Debug|Any CPU
		Release|Any CPU = Release|Any CPU
	EndGlobalSection
	GlobalSection(ProjectConfigurationPlatforms) = postSolution
		{4852120E-2FD6-4E0E-A4C4-7807211A0F95}.Debug|Any CPU.ActiveCfg = Debug|Any CPU
		{4852120E-2FD6-4E0E-A4C4-7807211A0F95}.Debug|Any CPU.Build.0 = Debug|Any CPU
		{4852120E-2FD6-4E0E-A4C4-7807211A0F95}.Release|Any CPU.ActiveCfg = Release|Any CPU
		{4852120E-2FD6-4E0E-A4C4-7807211A0F95}.Release|Any CPU.Build.0 = Release|Any CPU
	EndGlobalSection
	GlobalSection(SolutionProperties) = preSolution
		HideSolutionNode = FALSE
	EndGlobalSection
	GlobalSection(ExtensibilityGlobals) = postSolution
		SolutionGuid = {17C4F5E7-C06A-4B50-BF67-89A61C0485EA}
	EndGlobalSection
EndGlobal
